// !$*UTF8*$!
{
	archiveVersion = 1;
	classes = {
	};
	objectVersion = 50;
	objects = {

/* Begin PBXBuildFile section */
		EFCFD5102081FE8A0042B251 /* AppDelegate.m in Sources */ = {isa = PBXBuildFile; fileRef = EFCFD50F2081FE8A0042B251 /* AppDelegate.m */; };
		EFCFD5132081FE8A0042B251 /* ViewController.m in Sources */ = {isa = PBXBuildFile; fileRef = EFCFD5122081FE8A0042B251 /* ViewController.m */; };
		EFCFD5162081FE8A0042B251 /* Main.storyboard in Resources */ = {isa = PBXBuildFile; fileRef = EFCFD5142081FE8A0042B251 /* Main.storyboard */; };
		EFCFD5182081FE8C0042B251 /* Assets.xcassets in Resources */ = {isa = PBXBuildFile; fileRef = EFCFD5172081FE8C0042B251 /* Assets.xcassets */; };
		EFCFD51B2081FE8C0042B251 /* LaunchScreen.storyboard in Resources */ = {isa = PBXBuildFile; fileRef = EFCFD5192081FE8C0042B251 /* LaunchScreen.storyboard */; };
		EFCFD51E2081FE8C0042B251 /* main.m in Sources */ = {isa = PBXBuildFile; fileRef = EFCFD51D2081FE8C0042B251 /* main.m */; };
/* End PBXBuildFile section */

/* Begin PBXFileReference section */
		EFCFD50B2081FE8A0042B251 /* StringSubStringTask.app */ = {isa = PBXFileReference; explicitFileType = wrapper.application; includeInIndex = 0; path = StringSubStringTask.app; sourceTree = BUILT_PRODUCTS_DIR; };
		EFCFD50E2081FE8A0042B251 /* AppDelegate.h */ = {isa = PBXFileReference; lastKnownFileType = sourcecode.c.h; path = AppDelegate.h; sourceTree = "<group>"; };
		EFCFD50F2081FE8A0042B251 /* AppDelegate.m */ = {isa = PBXFileReference; lastKnownFileType = sourcecode.c.objc; path = AppDelegate.m; sourceTree = "<group>"; };
		EFCFD5112081FE8A0042B251 /* ViewController.h */ = {isa = PBXFileReference; lastKnownFileType = sourcecode.c.h; path = ViewController.h; sourceTree = "<group>"; };
		EFCFD5122081FE8A0042B251 /* ViewController.m */ = {isa = PBXFileReference; lastKnownFileType = sourcecode.c.objc; path = ViewController.m; sourceTree = "<group>"; };
		EFCFD5152081FE8A0042B251 /* Base */ = {isa = PBXFileReference; lastKnownFileType = file.storyboard; name = Base; path = Base.lproj/Main.storyboard; sourceTree = "<group>"; };
		EFCFD5172081FE8C0042B251 /* Assets.xcassets */ = {isa = PBXFileReference; lastKnownFileType = folder.assetcatalog; path = Assets.xcassets; sourceTree = "<group>"; };
		EFCFD51A2081FE8C0042B251 /* Base */ = {isa = PBXFileReference; lastKnownFileType = file.storyboard; name = Base; path = Base.lproj/LaunchScreen.storyboard; sourceTree = "<group>"; };
		EFCFD51C2081FE8C0042B251 /* Info.plist */ = {isa = PBXFileReference; lastKnownFileType = text.plist.xml; path = Info.plist; sourceTree = "<group>"; };
		EFCFD51D2081FE8C0042B251 /* main.m */ = {isa = PBXFileReference; lastKnownFileType = sourcecode.c.objc; path = main.m; sourceTree = "<group>"; };
/* End PBXFileReference section */

/* Begin PBXFrameworksBuildPhase section */
		EFCFD5082081FE8A0042B251 /* Frameworks */ = {
			isa = PBXFrameworksBuildPhase;
			buildActionMask = 2147483647;
			files = (
			);
			runOnlyForDeploymentPostprocessing = 0;
		};
/* End PBXFrameworksBuildPhase section */

/* Begin PBXGroup section */
		EFCFD5022081FE8A0042B251 = {
			isa = PBXGroup;
			children = (
				EFCFD50D2081FE8A0042B251 /* StringSubStringTask */,
				EFCFD50C2081FE8A0042B251 /* Products */,
			);
			sourceTree = "<group>";
		};
		EFCFD50C2081FE8A0042B251 /* Products */ = {
			isa = PBXGroup;
			children = (
				EFCFD50B2081FE8A0042B251 /* StringSubStringTask.app */,
			);
			name = Products;
			sourceTree = "<group>";
		};
		EFCFD50D2081FE8A0042B251 /* StringSubStringTask */ = {
			isa = PBXGroup;
			children = (
				EFCFD5242081FE980042B251 /* Supported Files */,
				EFCFD5112081FE8A0042B251 /* ViewController.h */,
				EFCFD5122081FE8A0042B251 /* ViewController.m */,
				EFCFD51C2081FE8C0042B251 /* Info.plist */,
			);
			path = StringSubStringTask;
			sourceTree = "<group>";
		};
		EFCFD5242081FE980042B251 /* Supported Files */ = {
			isa = PBXGroup;
			children = (
				EFCFD50E2081FE8A0042B251 /* AppDelegate.h */,
				EFCFD50F2081FE8A0042B251 /* AppDelegate.m */,
				EFCFD5142081FE8A0042B251 /* Main.storyboard */,
				EFCFD5172081FE8C0042B251 /* Assets.xcassets */,
				EFCFD5192081FE8C0042B251 /* LaunchScreen.storyboard */,
				EFCFD51D2081FE8C0042B251 /* main.m */,
			);
			path = "Supported Files";
			sourceTree = "<group>";
		};
/* End PBXGroup section */

/* Begin PBXNativeTarget section */
		EFCFD50A2081FE8A0042B251 /* StringSubStringTask */ = {
			isa = PBXNativeTarget;
			buildConfigurationList = EFCFD5212081FE8C0042B251 /* Build configuration list for PBXNativeTarget "StringSubStringTask" */;
			buildPhases = (
				EFCFD5072081FE8A0042B251 /* Sources */,
				EFCFD5082081FE8A0042B251 /* Frameworks */,
				EFCFD5092081FE8A0042B251 /* Resources */,
			);
			buildRules = (
			);
			dependencies = (
			);
			name = StringSubStringTask;
			productName = StringSubStringTask;
			productReference = EFCFD50B2081FE8A0042B251 /* StringSubStringTask.app */;
			productType = "com.apple.product-type.application";
		};
/* End PBXNativeTarget section */

/* Begin PBXProject section */
		EFCFD5032081FE8A0042B251 /* Project object */ = {
			isa = PBXProject;
			attributes = {
				LastUpgradeCheck = 0930;
				ORGANIZATIONNAME = "Victor Semenchuk";
				TargetAttributes = {
					EFCFD50A2081FE8A0042B251 = {
						CreatedOnToolsVersion = 9.3;
					};
				};
			};
			buildConfigurationList = EFCFD5062081FE8A0042B251 /* Build configuration list for PBXProject "StringSubStringTask" */;
			compatibilityVersion = "Xcode 9.3";
			developmentRegion = en;
			hasScannedForEncodings = 0;
			knownRegions = (
				en,
				Base,
			);
			mainGroup = EFCFD5022081FE8A0042B251;
			productRefGroup = EFCFD50C2081FE8A0042B251 /* Products */;
			projectDirPath = "";
			projectRoot = "";
			targets = (
				EFCFD50A2081FE8A0042B251 /* StringSubStringTask */,
			);
		};
/* End PBXProject section */

/* Begin PBXResourcesBuildPhase section */
		EFCFD5092081FE8A0042B251 /* Resources */ = {
			isa = PBXResourcesBuildPhase;
			buildActionMask = 2147483647;
			files = (
				EFCFD51B2081FE8C0042B251 /* LaunchScreen.storyboard in Resources */,
				EFCFD5182081FE8C0042B251 /* Assets.xcassets in Resources */,
				EFCFD5162081FE8A0042B251 /* Main.storyboard in Resources */,
			);
			runOnlyForDeploymentPostprocessing = 0;
		};
/* End PBXResourcesBuildPhase section */

/* Begin PBXSourcesBuildPhase section */
		EFCFD5072081FE8A0042B251 /* Sources */ = {
			isa = PBXSourcesBuildPhase;
			buildActionMask = 2147483647;
			files = (
				EFCFD5132081FE8A0042B251 /* ViewController.m in Sources */,
				EFCFD51E2081FE8C0042B251 /* main.m in Sources */,
				EFCFD5102081FE8A0042B251 /* AppDelegate.m in Sources */,
			);
			runOnlyForDeploymentPostprocessing = 0;
		};
/* End PBXSourcesBuildPhase section */

/* Begin PBXVariantGroup section */
		EFCFD5142081FE8A0042B251 /* Main.storyboard */ = {
			isa = PBXVariantGroup;
			children = (
				EFCFD5152081FE8A0042B251 /* Base */,
			);
			name = Main.storyboard;
			sourceTree = "<group>";
		};
		EFCFD5192081FE8C0042B251 /* LaunchScreen.storyboard */ = {
			isa = PBXVariantGroup;
			children = (
				EFCFD51A2081FE8C0042B251 /* Base */,
			);
			name = LaunchScreen.storyboard;
			sourceTree = "<group>";
		};
/* End PBXVariantGroup section */

/* Begin XCBuildConfiguration section */
		EFCFD51F2081FE8C0042B251 /* Debug */ = {
			isa = XCBuildConfiguration;
			buildSettings = {
				ALWAYS_SEARCH_USER_PATHS = NO;
				CLANG_ANALYZER_NONNULL = YES;
				CLANG_ANALYZER_NUMBER_OBJECT_CONVERSION = YES_AGGRESSIVE;
				CLANG_CXX_LANGUAGE_STANDARD = "gnu++14";
				CLANG_CXX_LIBRARY = "libc++";
				CLANG_ENABLE_MODULES = YES;
				CLANG_ENABLE_OBJC_ARC = NO;
				CLANG_ENABLE_OBJC_WEAK = YES;
				CLANG_WARN_BLOCK_CAPTURE_AUTORELEASING = YES;
				CLANG_WARN_BOOL_CONVERSION = YES;
				CLANG_WARN_COMMA = YES;
				CLANG_WARN_CONSTANT_CONVERSION = YES;
				CLANG_WARN_DEPRECATED_OBJC_IMPLEMENTATIONS = YES;
				CLANG_WARN_DIRECT_OBJC_ISA_USAGE = YES_ERROR;
				CLANG_WARN_DOCUMENTATION_COMMENTS = YES;
				CLANG_WARN_EMPTY_BODY = YES;
				CLANG_WARN_ENUM_CONVERSION = YES;
				CLANG_WARN_INFINITE_RECURSION = YES;
				CLANG_WARN_INT_CONVERSION = YES;
				CLANG_WARN_NON_LITERAL_NULL_CONVERSION = YES;
				CLANG_WARN_OBJC_IMPLICIT_RETAIN_SELF = YES;
				CLANG_WARN_OBJC_LITERAL_CONVERSION = YES;
				CLANG_WARN_OBJC_ROOT_CLASS = YES_ERROR;
				CLANG_WARN_RANGE_LOOP_ANALYSIS = YES;
				CLANG_WARN_STRICT_PROTOTYPES = YES;
				CLANG_WARN_SUSPICIOUS_MOVE = YES;
				CLANG_WARN_UNGUARDED_AVAILABILITY = YES_AGGRESSIVE;
				CLANG_WARN_UNREACHABLE_CODE = YES;
				CLANG_WARN__DUPLICATE_METHOD_MATCH = YES;
				CODE_SIGN_IDENTITY = "iPhone Developer";
				COPY_PHASE_STRIP = NO;
				DEBUG_INFORMATION_FORMAT = dwarf;
				ENABLE_STRICT_OBJC_MSGSEND = YES;
				ENABLE_TESTABILITY = YES;
				GCC_C_LANGUAGE_STANDARD = gnu11;
				GCC_DYNAMIC_NO_PIC = NO;
				GCC_NO_COMMON_BLOCKS = YES;
				GCC_OPTIMIZATION_LEVEL = 0;
				GCC_PREPROCESSOR_DEFINITIONS = (
					"DEBUG=1",
					"$(inherited)",
				);
				GCC_WARN_64_TO_32_BIT_CONVERSION = YES;
				GCC_WARN_ABOUT_RETURN_TYPE = YES_ERROR;
				GCC_WARN_UNDECLARED_SELECTOR = YES;
				GCC_WARN_UNINITIALIZED_AUTOS = YES_AGGRESSIVE;
				GCC_WARN_UNUSED_FUNCTION = YES;
				GCC_WARN_UNUSED_VARIABLE = YES;
				IPHONEOS_DEPLOYMENT_TARGET = 11.3;
				MTL_ENABLE_DEBUG_INFO = YES;
				ONLY_ACTIVE_ARCH = YES;
				SDKROOT = iphoneos;
			};
			name = Debug;
		};
		EFCFD5202081FE8C0042B251 /* Release */ = {
			isa = XCBuildConfiguration;
			buildSettings = {
				ALWAYS_SEARCH_USER_PATHS = NO;
				CLANG_ANALYZER_NONNULL = YES;
				CLANG_ANALYZER_NUMBER_OBJECT_CONVERSION = YES_AGGRESSIVE;
				CLANG_CXX_LANGUAGE_STANDARD = "gnu++14";
				CLANG_CXX_LIBRARY = "libc++";
				CLANG_ENABLE_MODULES = YES;
				CLANG_ENABLE_OBJC_ARC = NO;
				CLANG_ENABLE_OBJC_WEAK = YES;
				CLANG_WARN_BLOCK_CAPTURE_AUTORELEASING = YES;
				CLANG_WARN_BOOL_CONVERSION = YES;
				CLANG_WARN_COMMA = YES;
				CLANG_WARN_CONSTANT_CONVERSION = YES;
				CLANG_WARN_DEPRECATED_OBJC_IMPLEMENTATIONS = YES;
				CLANG_WARN_DIRECT_OBJC_ISA_USAGE = YES_ERROR;
				CLANG_WARN_DOCUMENTATION_COMMENTS = YES;
				CLANG_WARN_EMPTY_BODY = YES;
				CLANG_WARN_ENUM_CONVERSION = YES;
				CLANG_WARN_INFINITE_RECURSION = YES;
				CLANG_WARN_INT_CONVERSION = YES;
				CLANG_WARN_NON_LITERAL_NULL_CONVERSION = YES;
				CLANG_WARN_OBJC_IMPLICIT_RETAIN_SELF = YES;
				CLANG_WARN_OBJC_LITERAL_CONVERSION = YES;
				CLANG_WARN_OBJC_ROOT_CLASS = YES_ERROR;
				CLANG_WARN_RANGE_LOOP_ANALYSIS = YES;
				CLANG_WARN_STRICT_PROTOTYPES = YES;
				CLANG_WARN_SUSPICIOUS_MOVE = YES;
				CLANG_WARN_UNGUARDED_AVAILABILITY = YES_AGGRESSIVE;
				CLANG_WARN_UNREACHABLE_CODE = YES;
				CLANG_WARN__DUPLICATE_METHOD_MATCH = YES;
				CODE_SIGN_IDENTITY = "iPhone Developer";
				COPY_PHASE_STRIP = NO;
				DEBUG_INFORMATION_FORMAT = "dwarf-with-dsym";
				ENABLE_NS_ASSERTIONS = NO;
				ENABLE_STRICT_OBJC_MSGSEND = YES;
				GCC_C_LANGUAGE_STANDARD = gnu11;
				GCC_NO_COMMON_BLOCKS = YES;
				GCC_WARN_64_TO_32_BIT_CONVERSION = YES;
				GCC_WARN_ABOUT_RETURN_TYPE = YES_ERROR;
				GCC_WARN_UNDECLARED_SELECTOR = YES;
				GCC_WARN_UNINITIALIZED_AUTOS = YES_AGGRESSIVE;
				GCC_WARN_UNUSED_FUNCTION = YES;
				GCC_WARN_UNUSED_VARIABLE = YES;
				IPHONEOS_DEPLOYMENT_TARGET = 11.3;
				MTL_ENABLE_DEBUG_INFO = NO;
				SDKROOT = iphoneos;
				VALIDATE_PRODUCT = YES;
			};
			name = Release;
		};
		EFCFD5222081FE8C0042B251 /* Debug */ = {
			isa = XCBuildConfiguration;
			buildSettings = {
				ASSETCATALOG_COMPILER_APPICON_NAME = AppIcon;
				CODE_SIGN_STYLE = Automatic;
				DEVELOPMENT_TEAM = 5M3HNT6J9D;
				INFOPLIST_FILE = StringSubStringTask/Info.plist;
				LD_RUNPATH_SEARCH_PATHS = (
					"$(inherited)",
					"@executable_path/Frameworks",
				);
				PRODUCT_BUNDLE_IDENTIFIER = vicmac.StringSubStringTask;
				PRODUCT_NAME = "$(TARGET_NAME)";
				TARGETED_DEVICE_FAMILY = "1,2";
			};
			name = Debug;
		};
		EFCFD5232081FE8C0042B251 /* Release */ = {
			isa = XCBuildConfiguration;
			buildSettings = {
				ASSETCATALOG_COMPILER_APPICON_NAME = AppIcon;
				CODE_SIGN_STYLE = Automatic;
				DEVELOPMENT_TEAM = 5M3HNT6J9D;
				INFOPLIST_FILE = StringSubStringTask/Info.plist;
				LD_RUNPATH_SEARCH_PATHS = (
					"$(inherited)",
					"@executable_path/Frameworks",
				);
				PRODUCT_BUNDLE_IDENTIFIER = vicmac.StringSubStringTask;
				PRODUCT_NAME = "$(TARGET_NAME)";
				TARGETED_DEVICE_FAMILY = "1,2";
			};
			name = Release;
		};
/* End XCBuildConfiguration section */

/* Begin XCConfigurationList section */
		EFCFD5062081FE8A0042B251 /* Build configuration list for PBXProject "StringSubStringTask" */ = {
			isa = XCConfigurationList;
			buildConfigurations = (
				EFCFD51F2081FE8C0042B251 /* Debug */,
				EFCFD5202081FE8C0042B251 /* Release */,
			);
			defaultConfigurationIsVisible = 0;
			defaultConfigurationName = Release;
		};
		EFCFD5212081FE8C0042B251 /* Build configuration list for PBXNativeTarget "StringSubStringTask" */ = {
			isa = XCConfigurationList;
			buildConfigurations = (
				EFCFD5222081FE8C0042B251 /* Debug */,
				EFCFD5232081FE8C0042B251 /* Release */,
			);
			defaultConfigurationIsVisible = 0;
			defaultConfigurationName = Release;
		};
/* End XCConfigurationList section */
	};
	rootObject = EFCFD5032081FE8A0042B251 /* Project object */;
}
